
Microsoft Visual Studio Solution File, Format Version 12.00
# Visual Studio Version 17
VisualStudioVersion = 17.8.34330.188
MinimumVisualStudioVersion = 10.0.40219.1
Project("{2150E333-8FDC-42A3-9474-1A3956D46DE8}") = "src", "src", "{B8B029BD-9605-4FA3-86E6-55E711108526}"
EndProject
Project("{2150E333-8FDC-42A3-9474-1A3956D46DE8}") = "tests", "tests", "{8F28BC7C-AB92-47BE-904E-C5F17529EC35}"
EndProject
Project("{2150E333-8FDC-42A3-9474-1A3956D46DE8}") = "Solution Items", "Solution Items", "{88BD1F81-8562-40BC-BFED-96D54B141BB2}"
	ProjectSection(SolutionItems) = preProject
		README.md = README.md
	EndProjectSection
EndProject
Project("{2150E333-8FDC-42A3-9474-1A3956D46DE8}") = "Core", "Core", "{8E326CA9-B8E4-477C-8477-4106E5E88F12}"
EndProject
Project("{2150E333-8FDC-42A3-9474-1A3956D46DE8}") = "Presentation", "Presentation", "{0FB6F01B-2046-4A1D-9DF5-2E7D9AC1EB9F}"
EndProject
Project("{9A19103F-16F7-4668-BE54-9A1E7A4F7556}") = "Domain", "src\Core\Domain\Domain.csproj", "{6F5C776C-1B98-4ABB-8451-0C991037EB7D}"
EndProject
Project("{9A19103F-16F7-4668-BE54-9A1E7A4F7556}") = "Application", "src\Core\Application\Application.csproj", "{25661D69-3433-48A1-883D-1319921EE818}"
EndProject
Project("{9A19103F-16F7-4668-BE54-9A1E7A4F7556}") = "WebAPI", "src\Presentation\WebAPI\WebAPI.csproj", "{E7EA166A-0799-4165-919B-64761A73BC70}"
EndProject
Project("{2150E333-8FDC-42A3-9474-1A3956D46DE8}") = "Infrastructure", "Infrastructure", "{F799FCDD-F297-4DD9-92DC-B02964ADA38C}"
EndProject
Project("{9A19103F-16F7-4668-BE54-9A1E7A4F7556}") = "Infrastructure", "src\Infrastructure\Infrastructure.csproj", "{3F58CAF7-B5C6-4117-BE0D-9BB9EED77263}"
EndProject
Project("{FAE04EC0-301F-11D3-BF4B-00C04F79EFBC}") = "WebApp", "src\Presentation\WebApp\WebApp.csproj", "{F1B3BF2A-1B28-479E-AC43-A741A2551ADA}"
EndProject
Project("{FAE04EC0-301F-11D3-BF4B-00C04F79EFBC}") = "MobileApp", "src\Presentation\MobileApp\MobileApp.csproj", "{2762EC40-978A-4A70-8823-3916541C3901}"
EndProject
Global
	GlobalSection(SolutionConfigurationPlatforms) = preSolution
		Debug|Any CPU = Debug|Any CPU
		Release|Any CPU = Release|Any CPU
	EndGlobalSection
	GlobalSection(ProjectConfigurationPlatforms) = postSolution
		{6F5C776C-1B98-4ABB-8451-0C991037EB7D}.Debug|Any CPU.ActiveCfg = Debug|Any CPU
		{6F5C776C-1B98-4ABB-8451-0C991037EB7D}.Debug|Any CPU.Build.0 = Debug|Any CPU
		{6F5C776C-1B98-4ABB-8451-0C991037EB7D}.Release|Any CPU.ActiveCfg = Release|Any CPU
		{6F5C776C-1B98-4ABB-8451-0C991037EB7D}.Release|Any CPU.Build.0 = Release|Any CPU
		{25661D69-3433-48A1-883D-1319921EE818}.Debug|Any CPU.ActiveCfg = Debug|Any CPU
		{25661D69-3433-48A1-883D-1319921EE818}.Debug|Any CPU.Build.0 = Debug|Any CPU
		{25661D69-3433-48A1-883D-1319921EE818}.Release|Any CPU.ActiveCfg = Release|Any CPU
		{25661D69-3433-48A1-883D-1319921EE818}.Release|Any CPU.Build.0 = Release|Any CPU
		{E7EA166A-0799-4165-919B-64761A73BC70}.Debug|Any CPU.ActiveCfg = Debug|Any CPU
		{E7EA166A-0799-4165-919B-64761A73BC70}.Debug|Any CPU.Build.0 = Debug|Any CPU
		{E7EA166A-0799-4165-919B-64761A73BC70}.Release|Any CPU.ActiveCfg = Release|Any CPU
		{E7EA166A-0799-4165-919B-64761A73BC70}.Release|Any CPU.Build.0 = Release|Any CPU
		{3F58CAF7-B5C6-4117-BE0D-9BB9EED77263}.Debug|Any CPU.ActiveCfg = Debug|Any CPU
		{3F58CAF7-B5C6-4117-BE0D-9BB9EED77263}.Debug|Any CPU.Build.0 = Debug|Any CPU
		{3F58CAF7-B5C6-4117-BE0D-9BB9EED77263}.Release|Any CPU.ActiveCfg = Release|Any CPU
		{3F58CAF7-B5C6-4117-BE0D-9BB9EED77263}.Release|Any CPU.Build.0 = Release|Any CPU
		{F1B3BF2A-1B28-479E-AC43-A741A2551ADA}.Debug|Any CPU.ActiveCfg = Debug|Any CPU
		{F1B3BF2A-1B28-479E-AC43-A741A2551ADA}.Debug|Any CPU.Build.0 = Debug|Any CPU
		{F1B3BF2A-1B28-479E-AC43-A741A2551ADA}.Release|Any CPU.ActiveCfg = Release|Any CPU
		{F1B3BF2A-1B28-479E-AC43-A741A2551ADA}.Release|Any CPU.Build.0 = Release|Any CPU
		{2762EC40-978A-4A70-8823-3916541C3901}.Debug|Any CPU.ActiveCfg = Debug|Any CPU
		{2762EC40-978A-4A70-8823-3916541C3901}.Debug|Any CPU.Build.0 = Debug|Any CPU
		{2762EC40-978A-4A70-8823-3916541C3901}.Debug|Any CPU.Deploy.0 = Debug|Any CPU
		{2762EC40-978A-4A70-8823-3916541C3901}.Release|Any CPU.ActiveCfg = Release|Any CPU
		{2762EC40-978A-4A70-8823-3916541C3901}.Release|Any CPU.Build.0 = Release|Any CPU
		{2762EC40-978A-4A70-8823-3916541C3901}.Release|Any CPU.Deploy.0 = Release|Any CPU
	EndGlobalSection
	GlobalSection(SolutionProperties) = preSolution
		HideSolutionNode = FALSE
	EndGlobalSection
	GlobalSection(NestedProjects) = preSolution
		{8E326CA9-B8E4-477C-8477-4106E5E88F12} = {B8B029BD-9605-4FA3-86E6-55E711108526}
		{0FB6F01B-2046-4A1D-9DF5-2E7D9AC1EB9F} = {B8B029BD-9605-4FA3-86E6-55E711108526}
		{6F5C776C-1B98-4ABB-8451-0C991037EB7D} = {8E326CA9-B8E4-477C-8477-4106E5E88F12}
		{25661D69-3433-48A1-883D-1319921EE818} = {8E326CA9-B8E4-477C-8477-4106E5E88F12}
		{E7EA166A-0799-4165-919B-64761A73BC70} = {0FB6F01B-2046-4A1D-9DF5-2E7D9AC1EB9F}
		{F799FCDD-F297-4DD9-92DC-B02964ADA38C} = {B8B029BD-9605-4FA3-86E6-55E711108526}
		{3F58CAF7-B5C6-4117-BE0D-9BB9EED77263} = {F799FCDD-F297-4DD9-92DC-B02964ADA38C}
		{F1B3BF2A-1B28-479E-AC43-A741A2551ADA} = {0FB6F01B-2046-4A1D-9DF5-2E7D9AC1EB9F}
		{2762EC40-978A-4A70-8823-3916541C3901} = {0FB6F01B-2046-4A1D-9DF5-2E7D9AC1EB9F}
	EndGlobalSection
	GlobalSection(ExtensibilityGlobals) = postSolution
		SolutionGuid = {C47F8939-A398-4201-8E9C-944061C847C2}
	EndGlobalSection
EndGlobal
